
Microsoft Visual Studio Solution File, Format Version 12.00
# Visual Studio Version 16
VisualStudioVersion = 16.0.30204.135
MinimumVisualStudioVersion = 10.0.40219.1
Project("{9A19103F-16F7-4668-BE54-9A1E7A4F7556}") = "MercadoEF", "MercadoEF\MercadoEF.csproj", "{DD1FB2DD-A1FD-4992-94F5-BC0187F8D0C2}"
EndProject
Project("{9A19103F-16F7-4668-BE54-9A1E7A4F7556}") = "MercadoEF.Dominio", "MercadoEF.Dominio\MercadoEF.Dominio.csproj", "{B5527737-92F3-4F31-9401-78472DFC8EAE}"
EndProject
Project("{9A19103F-16F7-4668-BE54-9A1E7A4F7556}") = "MercadoEF.Repositorio", "MercadoEF.Repositorio\MercadoEF.Repositorio.csproj", "{336156FB-1E79-476F-9158-FC1CAE21407E}"
EndProject
Project("{FAE04EC0-301F-11D3-BF4B-00C04F79EFBC}") = "MercadoEF.Aplicacao", "MercadoEF.Aplicacao\MercadoEF.Aplicacao.csproj", "{356A5E60-5391-4760-9A02-AF6B27A2808F}"
EndProject
Global
	GlobalSection(SolutionConfigurationPlatforms) = preSolution
		Debug|Any CPU = Debug|Any CPU
		Release|Any CPU = Release|Any CPU
	EndGlobalSection
	GlobalSection(ProjectConfigurationPlatforms) = postSolution
		{DD1FB2DD-A1FD-4992-94F5-BC0187F8D0C2}.Debug|Any CPU.ActiveCfg = Debug|Any CPU
		{DD1FB2DD-A1FD-4992-94F5-BC0187F8D0C2}.Debug|Any CPU.Build.0 = Debug|Any CPU
		{DD1FB2DD-A1FD-4992-94F5-BC0187F8D0C2}.Release|Any CPU.ActiveCfg = Release|Any CPU
		{DD1FB2DD-A1FD-4992-94F5-BC0187F8D0C2}.Release|Any CPU.Build.0 = Release|Any CPU
		{B5527737-92F3-4F31-9401-78472DFC8EAE}.Debug|Any CPU.ActiveCfg = Debug|Any CPU
		{B5527737-92F3-4F31-9401-78472DFC8EAE}.Debug|Any CPU.Build.0 = Debug|Any CPU
		{B5527737-92F3-4F31-9401-78472DFC8EAE}.Release|Any CPU.ActiveCfg = Release|Any CPU
		{B5527737-92F3-4F31-9401-78472DFC8EAE}.Release|Any CPU.Build.0 = Release|Any CPU
		{336156FB-1E79-476F-9158-FC1CAE21407E}.Debug|Any CPU.ActiveCfg = Debug|Any CPU
		{336156FB-1E79-476F-9158-FC1CAE21407E}.Debug|Any CPU.Build.0 = Debug|Any CPU
		{336156FB-1E79-476F-9158-FC1CAE21407E}.Release|Any CPU.ActiveCfg = Release|Any CPU
		{336156FB-1E79-476F-9158-FC1CAE21407E}.Release|Any CPU.Build.0 = Release|Any CPU
		{356A5E60-5391-4760-9A02-AF6B27A2808F}.Debug|Any CPU.ActiveCfg = Debug|Any CPU
		{356A5E60-5391-4760-9A02-AF6B27A2808F}.Debug|Any CPU.Build.0 = Debug|Any CPU
		{356A5E60-5391-4760-9A02-AF6B27A2808F}.Release|Any CPU.ActiveCfg = Release|Any CPU
		{356A5E60-5391-4760-9A02-AF6B27A2808F}.Release|Any CPU.Build.0 = Release|Any CPU
	EndGlobalSection
	GlobalSection(SolutionProperties) = preSolution
		HideSolutionNode = FALSE
	EndGlobalSection
	GlobalSection(ExtensibilityGlobals) = postSolution
		SolutionGuid = {40FD50A6-520E-4C8E-B9B0-1A40EE462C62}
	EndGlobalSection
EndGlobal
